
Microsoft Visual Studio Solution File, Format Version 12.00
# Visual Studio Version 17
VisualStudioVersion = 17.4.33213.308
MinimumVisualStudioVersion = 10.0.40219.1
Project("{FAE04EC0-301F-11D3-BF4B-00C04F79EFBC}") = "UpravljanjeIznimkama", "UpravljanjeIznimkama.csproj", "{BC11B0ED-CDCD-46FF-9E43-C7F3D6B99D46}"
EndProject
Global
	GlobalSection(SolutionConfigurationPlatforms) = preSolution
		Debug|Any CPU = Debug|Any CPU
		Release|Any CPU = Release|Any CPU
	EndGlobalSection
	GlobalSection(ProjectConfigurationPlatforms) = postSolution
		{BC11B0ED-CDCD-46FF-9E43-C7F3D6B99D46}.Debug|Any CPU.ActiveCfg = Debug|Any CPU
		{BC11B0ED-CDCD-46FF-9E43-C7F3D6B99D46}.Debug|Any CPU.Build.0 = Debug|Any CPU
		{BC11B0ED-CDCD-46FF-9E43-C7F3D6B99D46}.Release|Any CPU.ActiveCfg = Release|Any CPU
		{BC11B0ED-CDCD-46FF-9E43-C7F3D6B99D46}.Release|Any CPU.Build.0 = Release|Any CPU
	EndGlobalSection
	GlobalSection(SolutionProperties) = preSolution
		HideSolutionNode = FALSE
	EndGlobalSection
	GlobalSection(ExtensibilityGlobals) = postSolution
		SolutionGuid = {C6BE2E24-1C20-411D-83AE-84A9A42310C6}
	EndGlobalSection
EndGlobal
